// !$*UTF8*$!
{
	archiveVersion = 1;
	classes = {
	};
	objectVersion = 77;
	objects = {

/* Begin PBXBuildFile section */
		B20000000000000000000001 /* Sauce in Frameworks */ = {isa = PBXBuildFile; productRef = B20000000000000000000005 /* Sauce */; };
		B20000000000000000000002 /* Fuse in Frameworks */ = {isa = PBXBuildFile; productRef = B20000000000000000000006 /* Fuse */; };
/* End PBXBuildFile section */

/* Begin PBXContainerItemProxy section */
		A10000000000000000000026 /* PBXContainerItemProxy */ = {
			isa = PBXContainerItemProxy;
			containerPortal = A10000000000000000000001 /* Project object */;
			proxyType = 1;
			remoteGlobalIDString = A10000000000000000000010;
			remoteInfo = SnapFlow;
		};
/* End PBXContainerItemProxy section */

/* Begin PBXFileReference section */
		A10000000000000000000015 /* SnapFlow.app */ = {isa = PBXFileReference; explicitFileType = wrapper.application; includeInIndex = 0; path = SnapFlow.app; sourceTree = BUILT_PRODUCTS_DIR; };
		A10000000000000000000027 /* SnapFlowTests.xctest */ = {isa = PBXFileReference; explicitFileType = wrapper.cfbundle; includeInIndex = 0; path = SnapFlowTests.xctest; sourceTree = BUILT_PRODUCTS_DIR; };
/* End PBXFileReference section */

/* Begin PBXFileSystemSynchronizedBuildFileExceptionSet section */
		A10000000000000000000032 /* Exceptions for "SnapFlow" folder in "SnapFlow" target */ = {
			isa = PBXFileSystemSynchronizedBuildFileExceptionSet;
			membershipExceptions = (
				Resources/Info.plist,
			);
			target = A10000000000000000000010 /* SnapFlow */;
		};
/* End PBXFileSystemSynchronizedBuildFileExceptionSet section */

/* Begin PBXFileSystemSynchronizedRootGroup section */
		A10000000000000000000030 /* SnapFlow */ = {
			isa = PBXFileSystemSynchronizedRootGroup;
			exceptions = (
				A10000000000000000000032 /* Exceptions for "SnapFlow" folder in "SnapFlow" target */,
			);
			path = SnapFlow;
			sourceTree = "<group>";
		};
		A10000000000000000000031 /* SnapFlowTests */ = {
			isa = PBXFileSystemSynchronizedRootGroup;
			path = SnapFlowTests;
			sourceTree = "<group>";
		};
/* End PBXFileSystemSynchronizedRootGroup section */

/* Begin PBXFrameworksBuildPhase section */
		A10000000000000000000011 /* Frameworks */ = {
			isa = PBXFrameworksBuildPhase;
			buildActionMask = 2147483647;
			files = (
				B20000000000000000000001 /* Sauce in Frameworks */,
				B20000000000000000000002 /* Fuse in Frameworks */,
			);
			runOnlyForDeploymentPostprocessing = 0;
		};
		A10000000000000000000021 /* Frameworks */ = {
			isa = PBXFrameworksBuildPhase;
			buildActionMask = 2147483647;
			files = (
			);
			runOnlyForDeploymentPostprocessing = 0;
		};
/* End PBXFrameworksBuildPhase section */

/* Begin PBXGroup section */
		A10000000000000000000002 = {
			isa = PBXGroup;
			children = (
				A10000000000000000000030 /* SnapFlow */,
				A10000000000000000000031 /* SnapFlowTests */,
				A10000000000000000000003 /* Products */,
			);
			sourceTree = "<group>";
		};
		A10000000000000000000003 /* Products */ = {
			isa = PBXGroup;
			children = (
				A10000000000000000000015 /* SnapFlow.app */,
				A10000000000000000000027 /* SnapFlowTests.xctest */,
			);
			name = Products;
			sourceTree = "<group>";
		};
/* End PBXGroup section */

/* Begin PBXNativeTarget section */
		A10000000000000000000010 /* SnapFlow */ = {
			isa = PBXNativeTarget;
			buildConfigurationList = A10000000000000000000040 /* Build configuration list for PBXNativeTarget "SnapFlow" */;
			buildPhases = (
				A10000000000000000000013 /* Sources */,
				A10000000000000000000011 /* Frameworks */,
				A10000000000000000000014 /* Resources */,
			);
			buildRules = (
			);
			dependencies = (
			);
			fileSystemSynchronizedGroups = (
				A10000000000000000000030 /* SnapFlow */,
			);
			name = SnapFlow;
			packageProductDependencies = (
				B20000000000000000000005 /* Sauce */,
				B20000000000000000000006 /* Fuse */,
			);
			productName = SnapFlow;
			productReference = A10000000000000000000015 /* SnapFlow.app */;
			productType = "com.apple.product-type.application";
		};
		A10000000000000000000020 /* SnapFlowTests */ = {
			isa = PBXNativeTarget;
			buildConfigurationList = A10000000000000000000050 /* Build configuration list for PBXNativeTarget "SnapFlowTests" */;
			buildPhases = (
				A10000000000000000000023 /* Sources */,
				A10000000000000000000021 /* Frameworks */,
				A10000000000000000000024 /* Resources */,
			);
			buildRules = (
			);
			dependencies = (
				A10000000000000000000025 /* PBXTargetDependency */,
			);
			fileSystemSynchronizedGroups = (
				A10000000000000000000031 /* SnapFlowTests */,
			);
			name = SnapFlowTests;
			packageProductDependencies = (
			);
			productName = SnapFlowTests;
			productReference = A10000000000000000000027 /* SnapFlowTests.xctest */;
			productType = "com.apple.product-type.bundle.unit-test";
		};
/* End PBXNativeTarget section */

/* Begin PBXProject section */
		A10000000000000000000001 /* Project object */ = {
			isa = PBXProject;
			attributes = {
				BuildIndependentTargetsInParallel = 1;
				LastSwiftUpdateCheck = 2600;
				LastUpgradeCheck = 2660;
				TargetAttributes = {
					A10000000000000000000010 = {
						CreatedOnToolsVersion = 26.0;
					};
					A10000000000000000000020 = {
						CreatedOnToolsVersion = 26.0;
						TestTargetID = A10000000000000000000010;
					};
				};
			};
			buildConfigurationList = A10000000000000000000004 /* Build configuration list for PBXProject "SnapFlow" */;
			developmentRegion = "zh-Hans";
			hasScannedForEncodings = 0;
			knownRegions = (
				en,
				Base,
				"zh-Hans",
			);
			mainGroup = A10000000000000000000002;
			minimizedProjectReferenceProxies = 1;
			packageReferences = (
				B20000000000000000000003 /* XCRemoteSwiftPackageReference "Sauce" */,
				B20000000000000000000004 /* XCRemoteSwiftPackageReference "fuse-swift" */,
			);
			preferredProjectObjectVersion = 77;
			productRefGroup = A10000000000000000000003 /* Products */;
			projectDirPath = "";
			projectRoot = "";
			targets = (
				A10000000000000000000010 /* SnapFlow */,
				A10000000000000000000020 /* SnapFlowTests */,
			);
		};
/* End PBXProject section */

/* Begin PBXResourcesBuildPhase section */
		A10000000000000000000014 /* Resources */ = {
			isa = PBXResourcesBuildPhase;
			buildActionMask = 2147483647;
			files = (
			);
			runOnlyForDeploymentPostprocessing = 0;
		};
		A10000000000000000000024 /* Resources */ = {
			isa = PBXResourcesBuildPhase;
			buildActionMask = 2147483647;
			files = (
			);
			runOnlyForDeploymentPostprocessing = 0;
		};
/* End PBXResourcesBuildPhase section */

/* Begin PBXSourcesBuildPhase section */
		A10000000000000000000013 /* Sources */ = {
			isa = PBXSourcesBuildPhase;
			buildActionMask = 2147483647;
			files = (
			);
			runOnlyForDeploymentPostprocessing = 0;
		};
		A10000000000000000000023 /* Sources */ = {
			isa = PBXSourcesBuildPhase;
			buildActionMask = 2147483647;
			files = (
			);
			runOnlyForDeploymentPostprocessing = 0;
		};
/* End PBXSourcesBuildPhase section */

/* Begin PBXTargetDependency section */
		A10000000000000000000025 /* PBXTargetDependency */ = {
			isa = PBXTargetDependency;
			target = A10000000000000000000010 /* SnapFlow */;
			targetProxy = A10000000000000000000026 /* PBXContainerItemProxy */;
		};
/* End PBXTargetDependency section */

/* Begin XCBuildConfiguration section */
		A10000000000000000000005 /* Debug */ = {
			isa = XCBuildConfiguration;
			buildSettings = {
				ALWAYS_SEARCH_USER_PATHS = NO;
				ASSETCATALOG_COMPILER_GENERATE_SWIFT_ASSET_SYMBOL_EXTENSIONS = YES;
				CLANG_ANALYZER_LOCALIZABILITY_NONLOCALIZED = YES;
				CLANG_ENABLE_MODULES = YES;
				CLANG_ENABLE_OBJC_ARC = YES;
				CLANG_WARN_BLOCK_CAPTURE_AUTORELEASING = YES;
				CLANG_WARN_BOOL_CONVERSION = YES;
				CLANG_WARN_COMMA = YES;
				CLANG_WARN_CONSTANT_CONVERSION = YES;
				CLANG_WARN_DEPRECATED_OBJC_IMPLEMENTATIONS = YES;
				CLANG_WARN_EMPTY_BODY = YES;
				CLANG_WARN_ENUM_CONVERSION = YES;
				CLANG_WARN_INFINITE_RECURSION = YES;
				CLANG_WARN_INT_CONVERSION = YES;
				CLANG_WARN_NON_LITERAL_NULL_CONVERSION = YES;
				CLANG_WARN_OBJC_IMPLICIT_RETAIN_SELF = YES;
				CLANG_WARN_OBJC_LITERAL_CONVERSION = YES;
				CLANG_WARN_QUOTED_INCLUDE_IN_FRAMEWORK_HEADER = YES;
				CLANG_WARN_RANGE_LOOP_ANALYSIS = YES;
				CLANG_WARN_STRICT_PROTOTYPES = YES;
				CLANG_WARN_SUSPICIOUS_MOVE = YES;
				CLANG_WARN_UNREACHABLE_CODE = YES;
				CLANG_WARN__DUPLICATE_METHOD_MATCH = YES;
				COPY_PHASE_STRIP = NO;
				DEAD_CODE_STRIPPING = YES;
				DEBUG_INFORMATION_FORMAT = dwarf;
				ENABLE_STRICT_OBJC_MSGSEND = YES;
				ENABLE_TESTABILITY = YES;
				ENABLE_USER_SCRIPT_SANDBOXING = YES;
				GCC_DYNAMIC_NO_PIC = NO;
				GCC_NO_COMMON_BLOCKS = YES;
				GCC_OPTIMIZATION_LEVEL = 0;
				GCC_WARN_64_TO_32_BIT_CONVERSION = YES;
				GCC_WARN_ABOUT_RETURN_TYPE = YES;
				GCC_WARN_UNDECLARED_SELECTOR = YES;
				GCC_WARN_UNINITIALIZED_AUTOS = YES;
				GCC_WARN_UNUSED_FUNCTION = YES;
				GCC_WARN_UNUSED_VARIABLE = YES;
				MACOSX_DEPLOYMENT_TARGET = 15.0;
				ONLY_ACTIVE_ARCH = YES;
				SDKROOT = macosx;
				STRING_CATALOG_GENERATE_SYMBOLS = YES;
				SWIFT_ACTIVE_COMPILATION_CONDITIONS = "DEBUG $(inherited)";
				SWIFT_OPTIMIZATION_LEVEL = "-Onone";
				SWIFT_VERSION = 6.0;
			};
			name = Debug;
		};
		A10000000000000000000006 /* Release */ = {
			isa = XCBuildConfiguration;
			buildSettings = {
				ALWAYS_SEARCH_USER_PATHS = NO;
				ASSETCATALOG_COMPILER_GENERATE_SWIFT_ASSET_SYMBOL_EXTENSIONS = YES;
				CLANG_ANALYZER_LOCALIZABILITY_NONLOCALIZED = YES;
				CLANG_ENABLE_MODULES = YES;
				CLANG_ENABLE_OBJC_ARC = YES;
				CLANG_WARN_BLOCK_CAPTURE_AUTORELEASING = YES;
				CLANG_WARN_BOOL_CONVERSION = YES;
				CLANG_WARN_COMMA = YES;
				CLANG_WARN_CONSTANT_CONVERSION = YES;
				CLANG_WARN_DEPRECATED_OBJC_IMPLEMENTATIONS = YES;
				CLANG_WARN_EMPTY_BODY = YES;
				CLANG_WARN_ENUM_CONVERSION = YES;
				CLANG_WARN_INFINITE_RECURSION = YES;
				CLANG_WARN_INT_CONVERSION = YES;
				CLANG_WARN_NON_LITERAL_NULL_CONVERSION = YES;
				CLANG_WARN_OBJC_IMPLICIT_RETAIN_SELF = YES;
				CLANG_WARN_OBJC_LITERAL_CONVERSION = YES;
				CLANG_WARN_QUOTED_INCLUDE_IN_FRAMEWORK_HEADER = YES;
				CLANG_WARN_RANGE_LOOP_ANALYSIS = YES;
				CLANG_WARN_STRICT_PROTOTYPES = YES;
				CLANG_WARN_SUSPICIOUS_MOVE = YES;
				CLANG_WARN_UNREACHABLE_CODE = YES;
				CLANG_WARN__DUPLICATE_METHOD_MATCH = YES;
				COPY_PHASE_STRIP = NO;
				DEAD_CODE_STRIPPING = YES;
				DEBUG_INFORMATION_FORMAT = "dwarf-with-dsym";
				ENABLE_STRICT_OBJC_MSGSEND = YES;
				ENABLE_USER_SCRIPT_SANDBOXING = YES;
				GCC_NO_COMMON_BLOCKS = YES;
				GCC_WARN_64_TO_32_BIT_CONVERSION = YES;
				GCC_WARN_ABOUT_RETURN_TYPE = YES;
				GCC_WARN_UNDECLARED_SELECTOR = YES;
				GCC_WARN_UNINITIALIZED_AUTOS = YES;
				GCC_WARN_UNUSED_FUNCTION = YES;
				GCC_WARN_UNUSED_VARIABLE = YES;
				MACOSX_DEPLOYMENT_TARGET = 15.0;
				SDKROOT = macosx;
				STRING_CATALOG_GENERATE_SYMBOLS = YES;
				SWIFT_COMPILATION_MODE = wholemodule;
				SWIFT_VERSION = 6.0;
			};
			name = Release;
		};
		A10000000000000000000041 /* Debug */ = {
			isa = XCBuildConfiguration;
			buildSettings = {
				ASSETCATALOG_COMPILER_APPICON_NAME = AppIcon;
				CODE_SIGN_ENTITLEMENTS = SnapFlow/Resources/SnapFlow.entitlements;
				"CODE_SIGN_IDENTITY[sdk=macosx*]" = "Apple Development";
				CODE_SIGN_STYLE = Automatic;
				COMBINE_HIDPI_IMAGES = YES;
				CURRENT_PROJECT_VERSION = 5;
				DEAD_CODE_STRIPPING = YES;
				DEVELOPMENT_TEAM = "";
				ENABLE_HARDENED_RUNTIME = YES;
				GENERATE_INFOPLIST_FILE = NO;
				INFOPLIST_FILE = SnapFlow/Resources/Info.plist;
				INFOPLIST_KEY_NSHumanReadableCopyright = "Copyright © 2026 SnapFlow";
				LD_RUNPATH_SEARCH_PATHS = (
					"$(inherited)",
					"@executable_path/../Frameworks",
				);
				MACOSX_DEPLOYMENT_TARGET = 15.0;
				MARKETING_VERSION = 0.0.5;
				PRODUCT_BUNDLE_IDENTIFIER = app.snapflow.mac;
				PRODUCT_NAME = "$(TARGET_NAME)";
				SWIFT_EMIT_LOC_STRINGS = YES;
				SWIFT_STRICT_CONCURRENCY = complete;
				SWIFT_VERSION = 6.0;
			};
			name = Debug;
		};
		A10000000000000000000042 /* Release */ = {
			isa = XCBuildConfiguration;
			buildSettings = {
				ARCHS = arm64;
				ASSETCATALOG_COMPILER_APPICON_NAME = AppIcon;
				CODE_SIGN_ENTITLEMENTS = SnapFlow/Resources/SnapFlow.entitlements;
				"CODE_SIGN_IDENTITY[sdk=macosx*]" = "Apple Development";
				CODE_SIGN_STYLE = Automatic;
				COMBINE_HIDPI_IMAGES = YES;
				CURRENT_PROJECT_VERSION = 5;
				DEAD_CODE_STRIPPING = YES;
				DEVELOPMENT_TEAM = "";
				ENABLE_CODE_COVERAGE = NO;
				ENABLE_DEBUG_DYLIB = NO;
				ENABLE_HARDENED_RUNTIME = YES;
				GENERATE_INFOPLIST_FILE = NO;
				INFOPLIST_FILE = SnapFlow/Resources/Info.plist;
				INFOPLIST_KEY_NSHumanReadableCopyright = "Copyright © 2026 SnapFlow";
				LD_RUNPATH_SEARCH_PATHS = (
					"$(inherited)",
					"@executable_path/../Frameworks",
				);
				MACOSX_DEPLOYMENT_TARGET = 15.0;
				MARKETING_VERSION = 0.0.5;
				ONLY_ACTIVE_ARCH = YES;
				PRODUCT_BUNDLE_IDENTIFIER = app.snapflow.mac;
				PRODUCT_NAME = "$(TARGET_NAME)";
				SWIFT_EMIT_LOC_STRINGS = YES;
				SWIFT_STRICT_CONCURRENCY = complete;
				SWIFT_VERSION = 6.0;
			};
			name = Release;
		};
		A10000000000000000000051 /* Debug */ = {
			isa = XCBuildConfiguration;
			buildSettings = {
				BUNDLE_LOADER = "$(TEST_HOST)";
				CODE_SIGN_STYLE = Automatic;
				CURRENT_PROJECT_VERSION = 5;
				DEAD_CODE_STRIPPING = YES;
				GENERATE_INFOPLIST_FILE = YES;
				MACOSX_DEPLOYMENT_TARGET = 15.0;
				MARKETING_VERSION = 0.0.5;
				PRODUCT_BUNDLE_IDENTIFIER = app.snapflow.mac.tests;
				PRODUCT_NAME = "$(TARGET_NAME)";
				SWIFT_VERSION = 6.0;
				TEST_HOST = "$(BUILT_PRODUCTS_DIR)/SnapFlow.app/$(BUNDLE_EXECUTABLE_FOLDER_PATH)/SnapFlow";
			};
			name = Debug;
		};
		A10000000000000000000052 /* Release */ = {
			isa = XCBuildConfiguration;
			buildSettings = {
				BUNDLE_LOADER = "$(TEST_HOST)";
				CODE_SIGN_STYLE = Automatic;
				CURRENT_PROJECT_VERSION = 5;
				DEAD_CODE_STRIPPING = YES;
				GENERATE_INFOPLIST_FILE = YES;
				MACOSX_DEPLOYMENT_TARGET = 15.0;
				MARKETING_VERSION = 0.0.5;
				PRODUCT_BUNDLE_IDENTIFIER = app.snapflow.mac.tests;
				PRODUCT_NAME = "$(TARGET_NAME)";
				SWIFT_VERSION = 6.0;
				TEST_HOST = "$(BUILT_PRODUCTS_DIR)/SnapFlow.app/$(BUNDLE_EXECUTABLE_FOLDER_PATH)/SnapFlow";
			};
			name = Release;
		};
/* End XCBuildConfiguration section */

/* Begin XCConfigurationList section */
		A10000000000000000000004 /* Build configuration list for PBXProject "SnapFlow" */ = {
			isa = XCConfigurationList;
			buildConfigurations = (
				A10000000000000000000005 /* Debug */,
				A10000000000000000000006 /* Release */,
			);
			defaultConfigurationIsVisible = 0;
			defaultConfigurationName = Release;
		};
		A10000000000000000000040 /* Build configuration list for PBXNativeTarget "SnapFlow" */ = {
			isa = XCConfigurationList;
			buildConfigurations = (
				A10000000000000000000041 /* Debug */,
				A10000000000000000000042 /* Release */,
			);
			defaultConfigurationIsVisible = 0;
			defaultConfigurationName = Release;
		};
		A10000000000000000000050 /* Build configuration list for PBXNativeTarget "SnapFlowTests" */ = {
			isa = XCConfigurationList;
			buildConfigurations = (
				A10000000000000000000051 /* Debug */,
				A10000000000000000000052 /* Release */,
			);
			defaultConfigurationIsVisible = 0;
			defaultConfigurationName = Release;
		};
/* End XCConfigurationList section */

/* Begin XCRemoteSwiftPackageReference section */
		B20000000000000000000003 /* XCRemoteSwiftPackageReference "Sauce" */ = {
			isa = XCRemoteSwiftPackageReference;
			repositoryURL = "https://github.com/Clipy/Sauce";
			requirement = {
				kind = upToNextMinorVersion;
				minimumVersion = 2.4.1;
			};
		};
		B20000000000000000000004 /* XCRemoteSwiftPackageReference "fuse-swift" */ = {
			isa = XCRemoteSwiftPackageReference;
			repositoryURL = "https://github.com/krisk/fuse-swift";
			requirement = {
				kind = upToNextMajorVersion;
				minimumVersion = 1.4.0;
			};
		};
/* End XCRemoteSwiftPackageReference section */

/* Begin XCSwiftPackageProductDependency section */
		B20000000000000000000005 /* Sauce */ = {
			isa = XCSwiftPackageProductDependency;
			package = B20000000000000000000003 /* XCRemoteSwiftPackageReference "Sauce" */;
			productName = Sauce;
		};
		B20000000000000000000006 /* Fuse */ = {
			isa = XCSwiftPackageProductDependency;
			package = B20000000000000000000004 /* XCRemoteSwiftPackageReference "fuse-swift" */;
			productName = Fuse;
		};
/* End XCSwiftPackageProductDependency section */
	};
	rootObject = A10000000000000000000001 /* Project object */;
}
